// !$*UTF8*$!
{
	archiveVersion = 1;
	classes = {
	};
	objectVersion = 46;
	objects = {

/* Begin PBXBuildFile section */
		7A44A6E91C3F50A50048A768 /* LogMessage.swift in Sources */ = {isa = PBXBuildFile; fileRef = 7A44A6E81C3F50A50048A768 /* LogMessage.swift */; };
		7AABB6181C3F474300259DE8 /* AppDelegate.swift in Sources */ = {isa = PBXBuildFile; fileRef = 7AABB6171C3F474300259DE8 /* AppDelegate.swift */; };
		7AABB61A1C3F474300259DE8 /* ViewController.swift in Sources */ = {isa = PBXBuildFile; fileRef = 7AABB6191C3F474300259DE8 /* ViewController.swift */; };
		7AABB61D1C3F474300259DE8 /* Main.storyboard in Resources */ = {isa = PBXBuildFile; fileRef = 7AABB61B1C3F474300259DE8 /* Main.storyboard */; };
		7AABB61F1C3F474300259DE8 /* Assets.xcassets in Resources */ = {isa = PBXBuildFile; fileRef = 7AABB61E1C3F474300259DE8 /* Assets.xcassets */; };
		7AABB6221C3F474300259DE8 /* LaunchScreen.storyboard in Resources */ = {isa = PBXBuildFile; fileRef = 7AABB6201C3F474300259DE8 /* LaunchScreen.storyboard */; };
/* End PBXBuildFile section */

/* Begin PBXFileReference section */
		7A44A6E81C3F50A50048A768 /* LogMessage.swift */ = {isa = PBXFileReference; fileEncoding = 4; lastKnownFileType = sourcecode.swift; path = LogMessage.swift; sourceTree = "<group>"; };
		7AABB6141C3F474300259DE8 /* LoggerTest.app */ = {isa = PBXFileReference; explicitFileType = wrapper.application; includeInIndex = 0; path = LoggerTest.app; sourceTree = BUILT_PRODUCTS_DIR; };
		7AABB6171C3F474300259DE8 /* AppDelegate.swift */ = {isa = PBXFileReference; lastKnownFileType = sourcecode.swift; path = AppDelegate.swift; sourceTree = "<group>"; };
		7AABB6191C3F474300259DE8 /* ViewController.swift */ = {isa = PBXFileReference; lastKnownFileType = sourcecode.swift; path = ViewController.swift; sourceTree = "<group>"; };
		7AABB61C1C3F474300259DE8 /* Base */ = {isa = PBXFileReference; lastKnownFileType = file.storyboard; name = Base; path = Base.lproj/Main.storyboard; sourceTree = "<group>"; };
		7AABB61E1C3F474300259DE8 /* Assets.xcassets */ = {isa = PBXFileReference; lastKnownFileType = folder.assetcatalog; path = Assets.xcassets; sourceTree = "<group>"; };
		7AABB6211C3F474300259DE8 /* Base */ = {isa = PBXFileReference; lastKnownFileType = file.storyboard; name = Base; path = Base.lproj/LaunchScreen.storyboard; sourceTree = "<group>"; };
		7AABB6231C3F474300259DE8 /* Info.plist */ = {isa = PBXFileReference; lastKnownFileType = text.plist.xml; path = Info.plist; sourceTree = "<group>"; };
/* End PBXFileReference section */

/* Begin PBXFrameworksBuildPhase section */
		7AABB6111C3F474300259DE8 /* Frameworks */ = {
			isa = PBXFrameworksBuildPhase;
			buildActionMask = 2147483647;
			files = (
			);
			runOnlyForDeploymentPostprocessing = 0;
		};
/* End PBXFrameworksBuildPhase section */

/* Begin PBXGroup section */
		7AABB60B1C3F474300259DE8 = {
			isa = PBXGroup;
			children = (
				7AABB6161C3F474300259DE8 /* LoggerTest */,
				7AABB6151C3F474300259DE8 /* Products */,
			);
			sourceTree = "<group>";
		};
		7AABB6151C3F474300259DE8 /* Products */ = {
			isa = PBXGroup;
			children = (
				7AABB6141C3F474300259DE8 /* LoggerTest.app */,
			);
			name = Products;
			sourceTree = "<group>";
		};
		7AABB6161C3F474300259DE8 /* LoggerTest */ = {
			isa = PBXGroup;
			children = (
				7AABB6171C3F474300259DE8 /* AppDelegate.swift */,
				7AABB6191C3F474300259DE8 /* ViewController.swift */,
				7AABB61B1C3F474300259DE8 /* Main.storyboard */,
				7AABB61E1C3F474300259DE8 /* Assets.xcassets */,
				7AABB6201C3F474300259DE8 /* LaunchScreen.storyboard */,
				7AABB6231C3F474300259DE8 /* Info.plist */,
				7A44A6E81C3F50A50048A768 /* LogMessage.swift */,
			);
			path = LoggerTest;
			sourceTree = "<group>";
		};
/* End PBXGroup section */

/* Begin PBXNativeTarget section */
		7AABB6131C3F474300259DE8 /* LoggerTest */ = {
			isa = PBXNativeTarget;
			buildConfigurationList = 7AABB6261C3F474300259DE8 /* Build configuration list for PBXNativeTarget "LoggerTest" */;
			buildPhases = (
				7AABB6101C3F474300259DE8 /* Sources */,
				7AABB6111C3F474300259DE8 /* Frameworks */,
				7AABB6121C3F474300259DE8 /* Resources */,
			);
			buildRules = (
			);
			dependencies = (
			);
			name = LoggerTest;
			productName = LoggerTest;
			productReference = 7AABB6141C3F474300259DE8 /* LoggerTest.app */;
			productType = "com.apple.product-type.application";
		};
/* End PBXNativeTarget section */

/* Begin PBXProject section */
		7AABB60C1C3F474300259DE8 /* Project object */ = {
			isa = PBXProject;
			attributes = {
				LastSwiftUpdateCheck = 0720;
				LastUpgradeCheck = 0720;
				ORGANIZATIONNAME = "Todd Johnson";
				TargetAttributes = {
					7AABB6131C3F474300259DE8 = {
						CreatedOnToolsVersion = 7.2;
					};
				};
			};
			buildConfigurationList = 7AABB60F1C3F474300259DE8 /* Build configuration list for PBXProject "LoggerTest" */;
			compatibilityVersion = "Xcode 3.2";
			developmentRegion = English;
			hasScannedForEncodings = 0;
			knownRegions = (
				en,
				Base,
			);
			mainGroup = 7AABB60B1C3F474300259DE8;
			productRefGroup = 7AABB6151C3F474300259DE8 /* Products */;
			projectDirPath = "";
			projectRoot = "";
			targets = (
				7AABB6131C3F474300259DE8 /* LoggerTest */,
			);
		};
/* End PBXProject section */

/* Begin PBXResourcesBuildPhase section */
		7AABB6121C3F474300259DE8 /* Resources */ = {
			isa = PBXResourcesBuildPhase;
			buildActionMask = 2147483647;
			files = (
				7AABB6221C3F474300259DE8 /* LaunchScreen.storyboard in Resources */,
				7AABB61F1C3F474300259DE8 /* Assets.xcassets in Resources */,
				7AABB61D1C3F474300259DE8 /* Main.storyboard in Resources */,
			);
			runOnlyForDeploymentPostprocessing = 0;
		};
/* End PBXResourcesBuildPhase section */

/* Begin PBXSourcesBuildPhase section */
		7AABB6101C3F474300259DE8 /* Sources */ = {
			isa = PBXSourcesBuildPhase;
			buildActionMask = 2147483647;
			files = (
				7A44A6E91C3F50A50048A768 /* LogMessage.swift in Sources */,
				7AABB61A1C3F474300259DE8 /* ViewController.swift in Sources */,
				7AABB6181C3F474300259DE8 /* AppDelegate.swift in Sources */,
			);
			runOnlyForDeploymentPostprocessing = 0;
		};
/* End PBXSourcesBuildPhase section */

/* Begin PBXVariantGroup section */
		7AABB61B1C3F474300259DE8 /* Main.storyboard */ = {
			isa = PBXVariantGroup;
			children = (
				7AABB61C1C3F474300259DE8 /* Base */,
			);
			name = Main.storyboard;
			sourceTree = "<group>";
		};
		7AABB6201C3F474300259DE8 /* LaunchScreen.storyboard */ = {
			isa = PBXVariantGroup;
			children = (
				7AABB6211C3F474300259DE8 /* Base */,
			);
			name = LaunchScreen.storyboard;
			sourceTree = "<group>";
		};
/* End PBXVariantGroup section */

/* Begin XCBuildConfiguration section */
		7AABB6241C3F474300259DE8 /* Debug */ = {
			isa = XCBuildConfiguration;
			buildSettings = {
				ALWAYS_SEARCH_USER_PATHS = NO;
				CLANG_CXX_LANGUAGE_STANDARD = "gnu++0x";
				CLANG_CXX_LIBRARY = "libc++";
				CLANG_ENABLE_MODULES = YES;
				CLANG_ENABLE_OBJC_ARC = YES;
				CLANG_WARN_BOOL_CONVERSION = YES;
				CLANG_WARN_CONSTANT_CONVERSION = YES;
				CLANG_WARN_DIRECT_OBJC_ISA_USAGE = YES_ERROR;
				CLANG_WARN_EMPTY_BODY = YES;
				CLANG_WARN_ENUM_CONVERSION = YES;
				CLANG_WARN_INT_CONVERSION = YES;
				CLANG_WARN_OBJC_ROOT_CLASS = YES_ERROR;
				CLANG_WARN_UNREACHABLE_CODE = YES;
				CLANG_WARN__DUPLICATE_METHOD_MATCH = YES;
				"CODE_SIGN_IDENTITY[sdk=iphoneos*]" = "iPhone Developer";
				COPY_PHASE_STRIP = NO;
				DEBUG_INFORMATION_FORMAT = dwarf;
				ENABLE_STRICT_OBJC_MSGSEND = YES;
				ENABLE_TESTABILITY = YES;
				GCC_C_LANGUAGE_STANDARD = gnu99;
				GCC_DYNAMIC_NO_PIC = NO;
				GCC_NO_COMMON_BLOCKS = YES;
				GCC_OPTIMIZATION_LEVEL = 0;
				GCC_PREPROCESSOR_DEFINITIONS = (
					"DEBUG=1",
					"$(inherited)",
				);
				GCC_WARN_64_TO_32_BIT_CONVERSION = YES;
				GCC_WARN_ABOUT_RETURN_TYPE = YES_ERROR;
				GCC_WARN_UNDECLARED_SELECTOR = YES;
				GCC_WARN_UNINITIALIZED_AUTOS = YES_AGGRESSIVE;
				GCC_WARN_UNUSED_FUNCTION = YES;
				GCC_WARN_UNUSED_VARIABLE = YES;
				IPHONEOS_DEPLOYMENT_TARGET = 9.2;
				MTL_ENABLE_DEBUG_INFO = YES;
				ONLY_ACTIVE_ARCH = YES;
				SDKROOT = iphoneos;
				SWIFT_OPTIMIZATION_LEVEL = "-Onone";
				TARGETED_DEVICE_FAMILY = "1,2";
			};
			name = Debug;
		};
		7AABB6251C3F474300259DE8 /* Release */ = {
			isa = XCBuildConfiguration;
			buildSettings = {
				ALWAYS_SEARCH_USER_PATHS = NO;
				CLANG_CXX_LANGUAGE_STANDARD = "gnu++0x";
				CLANG_CXX_LIBRARY = "libc++";
				CLANG_ENABLE_MODULES = YES;
				CLANG_ENABLE_OBJC_ARC = YES;
				CLANG_WARN_BOOL_CONVERSION = YES;
				CLANG_WARN_CONSTANT_CONVERSION = YES;
				CLANG_WARN_DIRECT_OBJC_ISA_USAGE = YES_ERROR;
				CLANG_WARN_EMPTY_BODY = YES;
				CLANG_WARN_ENUM_CONVERSION = YES;
				CLANG_WARN_INT_CONVERSION = YES;
				CLANG_WARN_OBJC_ROOT_CLASS = YES_ERROR;
				CLANG_WARN_UNREACHABLE_CODE = YES;
				CLANG_WARN__DUPLICATE_METHOD_MATCH = YES;
				"CODE_SIGN_IDENTITY[sdk=iphoneos*]" = "iPhone Developer";
				COPY_PHASE_STRIP = NO;
				DEBUG_INFORMATION_FORMAT = "dwarf-with-dsym";
				ENABLE_NS_ASSERTIONS = NO;
				ENABLE_STRICT_OBJC_MSGSEND = YES;
				GCC_C_LANGUAGE_STANDARD = gnu99;
				GCC_NO_COMMON_BLOCKS = YES;
				GCC_WARN_64_TO_32_BIT_CONVERSION = YES;
				GCC_WARN_ABOUT_RETURN_TYPE = YES_ERROR;
				GCC_WARN_UNDECLARED_SELECTOR = YES;
				GCC_WARN_UNINITIALIZED_AUTOS = YES_AGGRESSIVE;
				GCC_WARN_UNUSED_FUNCTION = YES;
				GCC_WARN_UNUSED_VARIABLE = YES;
				IPHONEOS_DEPLOYMENT_TARGET = 9.2;
				MTL_ENABLE_DEBUG_INFO = NO;
				SDKROOT = iphoneos;
				TARGETED_DEVICE_FAMILY = "1,2";
				VALIDATE_PRODUCT = YES;
			};
			name = Release;
		};
		7AABB6271C3F474300259DE8 /* Debug */ = {
			isa = XCBuildConfiguration;
			buildSettings = {
				ASSETCATALOG_COMPILER_APPICON_NAME = AppIcon;
				INFOPLIST_FILE = LoggerTest/Info.plist;
				LD_RUNPATH_SEARCH_PATHS = "$(inherited) @executable_path/Frameworks";
				PRODUCT_BUNDLE_IDENTIFIER = com.toddjohn.LoggerTest;
				PRODUCT_NAME = "$(TARGET_NAME)";
			};
			name = Debug;
		};
		7AABB6281C3F474300259DE8 /* Release */ = {
			isa = XCBuildConfiguration;
			buildSettings = {
				ASSETCATALOG_COMPILER_APPICON_NAME = AppIcon;
				INFOPLIST_FILE = LoggerTest/Info.plist;
				LD_RUNPATH_SEARCH_PATHS = "$(inherited) @executable_path/Frameworks";
				PRODUCT_BUNDLE_IDENTIFIER = com.toddjohn.LoggerTest;
				PRODUCT_NAME = "$(TARGET_NAME)";
			};
			name = Release;
		};
/* End XCBuildConfiguration section */

/* Begin XCConfigurationList section */
		7AABB60F1C3F474300259DE8 /* Build configuration list for PBXProject "LoggerTest" */ = {
			isa = XCConfigurationList;
			buildConfigurations = (
				7AABB6241C3F474300259DE8 /* Debug */,
				7AABB6251C3F474300259DE8 /* Release */,
			);
			defaultConfigurationIsVisible = 0;
			defaultConfigurationName = Release;
		};
		7AABB6261C3F474300259DE8 /* Build configuration list for PBXNativeTarget "LoggerTest" */ = {
			isa = XCConfigurationList;
			buildConfigurations = (
				7AABB6271C3F474300259DE8 /* Debug */,
				7AABB6281C3F474300259DE8 /* Release */,
			);
			defaultConfigurationIsVisible = 0;
			defaultConfigurationName = Release;
		};
/* End XCConfigurationList section */
	};
	rootObject = 7AABB60C1C3F474300259DE8 /* Project object */;
}
